
Microsoft Visual Studio Solution File, Format Version 12.00
# Visual Studio Version 16
VisualStudioVersion = 25.0.1703.3
MinimumVisualStudioVersion = 10.0.40219.1
Project("{FAE04EC0-301F-11D3-BF4B-00C04F79EFBC}") = "Opgave3", "Opgave3.csproj", "{06874006-3762-48E1-AA18-BAD3F55466EC}"
EndProject
Project("{2150E333-8FDC-42A3-9474-1A3956D46DE8}") = "New Folder", "New Folder", "{63CB88AE-C538-4080-BC4D-17B5118C3DDF}"
EndProject
Project("{FAE04EC0-301F-11D3-BF4B-00C04F79EFBC}") = "Opgave2", "..\Opgave2\Opgave2.csproj", "{F46FE90F-5058-40B4-BB32-658CC7188FEA}"
EndProject
Project("{FAE04EC0-301F-11D3-BF4B-00C04F79EFBC}") = "Opgave1", "..\Opgave1\Opgave1.csproj", "{48A3354B-C3CE-46B0-98B7-242661917351}"
EndProject
Project("{FAE04EC0-301F-11D3-BF4B-00C04F79EFBC}") = "Opgave4", "..\Opgave4\Opgave4.csproj", "{E020FB0E-9CFB-46E0-8B0C-D1ABF45B4C2D}"
EndProject
Project("{FAE04EC0-301F-11D3-BF4B-00C04F79EFBC}") = "Opgave5", "..\Opgave5\Opgave5.csproj", "{8D7458D2-DCD0-4523-88AE-FCB55668124B}"
EndProject
Project("{FAE04EC0-301F-11D3-BF4B-00C04F79EFBC}") = "Opgave3", "..\..\Modul3\Opgave3\Opgave3.csproj", "{9F55FEDD-D4EB-44E7-B1C1-601A221E0976}"
EndProject
Project("{FAE04EC0-301F-11D3-BF4B-00C04F79EFBC}") = "Opgave4", "..\..\Modul3\Opgave4\Opgave4.csproj", "{DE17F625-A5D6-45E7-814D-DDB56DCB331D}"
EndProject
Project("{FAE04EC0-301F-11D3-BF4B-00C04F79EFBC}") = "Opgave5", "..\..\Modul3\Opgave5\Opgave5.csproj", "{B7A68E08-EF0C-493F-886D-205EC176CE31}"
EndProject
Project("{FAE04EC0-301F-11D3-BF4B-00C04F79EFBC}") = "Opgave6", "..\..\Modul3\Opgave6\Opgave6.csproj", "{BC3628BB-A5B7-4B24-9721-EAA86496AC84}"
EndProject
Project("{FAE04EC0-301F-11D3-BF4B-00C04F79EFBC}") = "Opgave8", "..\..\Modul3\Opgave8\Opgave8.csproj", "{35780563-A58A-4D6E-979D-A7A1F7A590A0}"
EndProject
Project("{FAE04EC0-301F-11D3-BF4B-00C04F79EFBC}") = "TodoListBlazor", "..\..\Modul4\Opgave1\TodoListBlazor.csproj", "{2CC5E15B-8912-4E9C-891E-55526F71437A}"
EndProject
Global
	GlobalSection(SolutionConfigurationPlatforms) = preSolution
		Debug|Any CPU = Debug|Any CPU
		Release|Any CPU = Release|Any CPU
	EndGlobalSection
	GlobalSection(ProjectConfigurationPlatforms) = postSolution
		{06874006-3762-48E1-AA18-BAD3F55466EC}.Debug|Any CPU.ActiveCfg = Debug|Any CPU
		{06874006-3762-48E1-AA18-BAD3F55466EC}.Debug|Any CPU.Build.0 = Debug|Any CPU
		{06874006-3762-48E1-AA18-BAD3F55466EC}.Release|Any CPU.ActiveCfg = Release|Any CPU
		{06874006-3762-48E1-AA18-BAD3F55466EC}.Release|Any CPU.Build.0 = Release|Any CPU
		{F46FE90F-5058-40B4-BB32-658CC7188FEA}.Debug|Any CPU.ActiveCfg = Debug|Any CPU
		{F46FE90F-5058-40B4-BB32-658CC7188FEA}.Debug|Any CPU.Build.0 = Debug|Any CPU
		{F46FE90F-5058-40B4-BB32-658CC7188FEA}.Release|Any CPU.ActiveCfg = Release|Any CPU
		{F46FE90F-5058-40B4-BB32-658CC7188FEA}.Release|Any CPU.Build.0 = Release|Any CPU
		{48A3354B-C3CE-46B0-98B7-242661917351}.Debug|Any CPU.ActiveCfg = Debug|Any CPU
		{48A3354B-C3CE-46B0-98B7-242661917351}.Debug|Any CPU.Build.0 = Debug|Any CPU
		{48A3354B-C3CE-46B0-98B7-242661917351}.Release|Any CPU.ActiveCfg = Release|Any CPU
		{48A3354B-C3CE-46B0-98B7-242661917351}.Release|Any CPU.Build.0 = Release|Any CPU
		{E020FB0E-9CFB-46E0-8B0C-D1ABF45B4C2D}.Debug|Any CPU.ActiveCfg = Debug|Any CPU
		{E020FB0E-9CFB-46E0-8B0C-D1ABF45B4C2D}.Debug|Any CPU.Build.0 = Debug|Any CPU
		{E020FB0E-9CFB-46E0-8B0C-D1ABF45B4C2D}.Release|Any CPU.ActiveCfg = Release|Any CPU
		{E020FB0E-9CFB-46E0-8B0C-D1ABF45B4C2D}.Release|Any CPU.Build.0 = Release|Any CPU
		{8D7458D2-DCD0-4523-88AE-FCB55668124B}.Debug|Any CPU.ActiveCfg = Debug|Any CPU
		{8D7458D2-DCD0-4523-88AE-FCB55668124B}.Debug|Any CPU.Build.0 = Debug|Any CPU
		{8D7458D2-DCD0-4523-88AE-FCB55668124B}.Release|Any CPU.ActiveCfg = Release|Any CPU
		{8D7458D2-DCD0-4523-88AE-FCB55668124B}.Release|Any CPU.Build.0 = Release|Any CPU
		{9F55FEDD-D4EB-44E7-B1C1-601A221E0976}.Debug|Any CPU.ActiveCfg = Debug|Any CPU
		{9F55FEDD-D4EB-44E7-B1C1-601A221E0976}.Debug|Any CPU.Build.0 = Debug|Any CPU
		{9F55FEDD-D4EB-44E7-B1C1-601A221E0976}.Release|Any CPU.ActiveCfg = Release|Any CPU
		{9F55FEDD-D4EB-44E7-B1C1-601A221E0976}.Release|Any CPU.Build.0 = Release|Any CPU
		{DE17F625-A5D6-45E7-814D-DDB56DCB331D}.Debug|Any CPU.ActiveCfg = Debug|Any CPU
		{DE17F625-A5D6-45E7-814D-DDB56DCB331D}.Debug|Any CPU.Build.0 = Debug|Any CPU
		{DE17F625-A5D6-45E7-814D-DDB56DCB331D}.Release|Any CPU.ActiveCfg = Release|Any CPU
		{DE17F625-A5D6-45E7-814D-DDB56DCB331D}.Release|Any CPU.Build.0 = Release|Any CPU
		{B7A68E08-EF0C-493F-886D-205EC176CE31}.Debug|Any CPU.ActiveCfg = Debug|Any CPU
		{B7A68E08-EF0C-493F-886D-205EC176CE31}.Debug|Any CPU.Build.0 = Debug|Any CPU
		{B7A68E08-EF0C-493F-886D-205EC176CE31}.Release|Any CPU.ActiveCfg = Release|Any CPU
		{B7A68E08-EF0C-493F-886D-205EC176CE31}.Release|Any CPU.Build.0 = Release|Any CPU
		{BC3628BB-A5B7-4B24-9721-EAA86496AC84}.Debug|Any CPU.ActiveCfg = Debug|Any CPU
		{BC3628BB-A5B7-4B24-9721-EAA86496AC84}.Debug|Any CPU.Build.0 = Debug|Any CPU
		{BC3628BB-A5B7-4B24-9721-EAA86496AC84}.Release|Any CPU.ActiveCfg = Release|Any CPU
		{BC3628BB-A5B7-4B24-9721-EAA86496AC84}.Release|Any CPU.Build.0 = Release|Any CPU
		{35780563-A58A-4D6E-979D-A7A1F7A590A0}.Debug|Any CPU.ActiveCfg = Debug|Any CPU
		{35780563-A58A-4D6E-979D-A7A1F7A590A0}.Debug|Any CPU.Build.0 = Debug|Any CPU
		{35780563-A58A-4D6E-979D-A7A1F7A590A0}.Release|Any CPU.ActiveCfg = Release|Any CPU
		{35780563-A58A-4D6E-979D-A7A1F7A590A0}.Release|Any CPU.Build.0 = Release|Any CPU
		{2CC5E15B-8912-4E9C-891E-55526F71437A}.Debug|Any CPU.ActiveCfg = Debug|Any CPU
		{2CC5E15B-8912-4E9C-891E-55526F71437A}.Debug|Any CPU.Build.0 = Debug|Any CPU
		{2CC5E15B-8912-4E9C-891E-55526F71437A}.Release|Any CPU.ActiveCfg = Release|Any CPU
		{2CC5E15B-8912-4E9C-891E-55526F71437A}.Release|Any CPU.Build.0 = Release|Any CPU
	EndGlobalSection
	GlobalSection(SolutionProperties) = preSolution
		HideSolutionNode = FALSE
	EndGlobalSection
	GlobalSection(ExtensibilityGlobals) = postSolution
		SolutionGuid = {C5271169-50BB-49DC-934A-37E9869751C9}
	EndGlobalSection
EndGlobal
