
Microsoft Visual Studio Solution File, Format Version 12.00
# Visual Studio Version 16
VisualStudioVersion = 25.0.1703.7
MinimumVisualStudioVersion = 10.0.40219.1
Project("{FAE04EC0-301F-11D3-BF4B-00C04F79EFBC}") = "list", "list.csproj", "{D8A047C0-E16C-448C-846D-4D0D0ABD5FC5}"
EndProject
Global
	GlobalSection(SolutionConfigurationPlatforms) = preSolution
		Debug|Any CPU = Debug|Any CPU
		Release|Any CPU = Release|Any CPU
	EndGlobalSection
	GlobalSection(ProjectConfigurationPlatforms) = postSolution
		{D8A047C0-E16C-448C-846D-4D0D0ABD5FC5}.Debug|Any CPU.ActiveCfg = Debug|Any CPU
		{D8A047C0-E16C-448C-846D-4D0D0ABD5FC5}.Debug|Any CPU.Build.0 = Debug|Any CPU
		{D8A047C0-E16C-448C-846D-4D0D0ABD5FC5}.Release|Any CPU.ActiveCfg = Release|Any CPU
		{D8A047C0-E16C-448C-846D-4D0D0ABD5FC5}.Release|Any CPU.Build.0 = Release|Any CPU
	EndGlobalSection
	GlobalSection(SolutionProperties) = preSolution
		HideSolutionNode = FALSE
	EndGlobalSection
	GlobalSection(ExtensibilityGlobals) = postSolution
		SolutionGuid = {348E1882-9308-42B2-8F25-C29504F9C268}
	EndGlobalSection
EndGlobal
