
Microsoft Visual Studio Solution File, Format Version 12.00
# Visual Studio Version 16
VisualStudioVersion = 25.0.1703.7
MinimumVisualStudioVersion = 10.0.40219.1
Project("{FAE04EC0-301F-11D3-BF4B-00C04F79EFBC}") = "Opgave5", "Opgave5.csproj", "{CE325F2C-56FB-45FB-9EBE-E5113C5197C0}"
EndProject
Global
	GlobalSection(SolutionConfigurationPlatforms) = preSolution
		Debug|Any CPU = Debug|Any CPU
		Release|Any CPU = Release|Any CPU
	EndGlobalSection
	GlobalSection(ProjectConfigurationPlatforms) = postSolution
		{CE325F2C-56FB-45FB-9EBE-E5113C5197C0}.Debug|Any CPU.ActiveCfg = Debug|Any CPU
		{CE325F2C-56FB-45FB-9EBE-E5113C5197C0}.Debug|Any CPU.Build.0 = Debug|Any CPU
		{CE325F2C-56FB-45FB-9EBE-E5113C5197C0}.Release|Any CPU.ActiveCfg = Release|Any CPU
		{CE325F2C-56FB-45FB-9EBE-E5113C5197C0}.Release|Any CPU.Build.0 = Release|Any CPU
	EndGlobalSection
	GlobalSection(SolutionProperties) = preSolution
		HideSolutionNode = FALSE
	EndGlobalSection
	GlobalSection(ExtensibilityGlobals) = postSolution
		SolutionGuid = {BA271EA1-27B8-44B3-B76C-B184274E500C}
	EndGlobalSection
EndGlobal
