
Microsoft Visual Studio Solution File, Format Version 12.00
# Visual Studio Version 16
VisualStudioVersion = 25.0.1704.0
MinimumVisualStudioVersion = 10.0.40219.1
Project("{FAE04EC0-301F-11D3-BF4B-00C04F79EFBC}") = "IBASProductionFunc", "IBASProductionFunc.csproj", "{230A87F3-D19A-4FC7-9A71-792C02FCD90C}"
EndProject
Global
	GlobalSection(SolutionConfigurationPlatforms) = preSolution
		Debug|Any CPU = Debug|Any CPU
		Release|Any CPU = Release|Any CPU
	EndGlobalSection
	GlobalSection(ProjectConfigurationPlatforms) = postSolution
		{230A87F3-D19A-4FC7-9A71-792C02FCD90C}.Debug|Any CPU.ActiveCfg = Debug|Any CPU
		{230A87F3-D19A-4FC7-9A71-792C02FCD90C}.Debug|Any CPU.Build.0 = Debug|Any CPU
		{230A87F3-D19A-4FC7-9A71-792C02FCD90C}.Release|Any CPU.ActiveCfg = Release|Any CPU
		{230A87F3-D19A-4FC7-9A71-792C02FCD90C}.Release|Any CPU.Build.0 = Release|Any CPU
	EndGlobalSection
	GlobalSection(SolutionProperties) = preSolution
		HideSolutionNode = FALSE
	EndGlobalSection
	GlobalSection(ExtensibilityGlobals) = postSolution
		SolutionGuid = {E2AD1A50-39FD-48FA-9731-54151D71C29D}
	EndGlobalSection
EndGlobal
