
Microsoft Visual Studio Solution File, Format Version 12.00
# Visual Studio Version 16
VisualStudioVersion = 25.0.1704.0
MinimumVisualStudioVersion = 10.0.40219.1
Project("{FAE04EC0-301F-11D3-BF4B-00C04F79EFBC}") = "secure-api", "secure-api.csproj", "{BB45787F-3525-421F-A773-E8802DAC7ACB}"
EndProject
Global
	GlobalSection(SolutionConfigurationPlatforms) = preSolution
		Debug|Any CPU = Debug|Any CPU
		Release|Any CPU = Release|Any CPU
	EndGlobalSection
	GlobalSection(ProjectConfigurationPlatforms) = postSolution
		{BB45787F-3525-421F-A773-E8802DAC7ACB}.Debug|Any CPU.ActiveCfg = Debug|Any CPU
		{BB45787F-3525-421F-A773-E8802DAC7ACB}.Debug|Any CPU.Build.0 = Debug|Any CPU
		{BB45787F-3525-421F-A773-E8802DAC7ACB}.Release|Any CPU.ActiveCfg = Release|Any CPU
		{BB45787F-3525-421F-A773-E8802DAC7ACB}.Release|Any CPU.Build.0 = Release|Any CPU
	EndGlobalSection
	GlobalSection(SolutionProperties) = preSolution
		HideSolutionNode = FALSE
	EndGlobalSection
	GlobalSection(ExtensibilityGlobals) = postSolution
		SolutionGuid = {9425B9C3-F821-4F36-AA9A-8F2B4043BB7B}
	EndGlobalSection
EndGlobal
